// !$*UTF8*$!
{
	archiveVersion = 1;
	classes = {
	};
	objectVersion = 56;
	objects = {

/* Begin PBXBuildFile section */
		56182C132BD66681005A46D8 /* AppDelegate.swift in Sources */ = {isa = PBXBuildFile; fileRef = 56182C122BD66681005A46D8 /* AppDelegate.swift */; };
		56182C152BD66681005A46D8 /* SceneDelegate.swift in Sources */ = {isa = PBXBuildFile; fileRef = 56182C142BD66681005A46D8 /* SceneDelegate.swift */; };
		56182C172BD66681005A46D8 /* ViewController.swift in Sources */ = {isa = PBXBuildFile; fileRef = 56182C162BD66681005A46D8 /* ViewController.swift */; };
		56182C1A2BD66681005A46D8 /* Main.storyboard in Resources */ = {isa = PBXBuildFile; fileRef = 56182C182BD66681005A46D8 /* Main.storyboard */; };
		56182C1D2BD66681005A46D8 /* ReminderApp.xcdatamodeld in Sources */ = {isa = PBXBuildFile; fileRef = 56182C1B2BD66681005A46D8 /* ReminderApp.xcdatamodeld */; };
		56182C1F2BD66689005A46D8 /* Assets.xcassets in Resources */ = {isa = PBXBuildFile; fileRef = 56182C1E2BD66689005A46D8 /* Assets.xcassets */; };
		56182C222BD66689005A46D8 /* LaunchScreen.storyboard in Resources */ = {isa = PBXBuildFile; fileRef = 56182C202BD66689005A46D8 /* LaunchScreen.storyboard */; };
		56182C2D2BD66689005A46D8 /* ReminderAppTests.swift in Sources */ = {isa = PBXBuildFile; fileRef = 56182C2C2BD66689005A46D8 /* ReminderAppTests.swift */; };
		56182C372BD6668A005A46D8 /* ReminderAppUITests.swift in Sources */ = {isa = PBXBuildFile; fileRef = 56182C362BD6668A005A46D8 /* ReminderAppUITests.swift */; };
		56182C392BD6668A005A46D8 /* ReminderAppUITestsLaunchTests.swift in Sources */ = {isa = PBXBuildFile; fileRef = 56182C382BD6668A005A46D8 /* ReminderAppUITestsLaunchTests.swift */; };
/* End PBXBuildFile section */

/* Begin PBXContainerItemProxy section */
		56182C292BD66689005A46D8 /* PBXContainerItemProxy */ = {
			isa = PBXContainerItemProxy;
			containerPortal = 56182C072BD66681005A46D8 /* Project object */;
			proxyType = 1;
			remoteGlobalIDString = 56182C0E2BD66681005A46D8;
			remoteInfo = ReminderApp;
		};
		56182C332BD6668A005A46D8 /* PBXContainerItemProxy */ = {
			isa = PBXContainerItemProxy;
			containerPortal = 56182C072BD66681005A46D8 /* Project object */;
			proxyType = 1;
			remoteGlobalIDString = 56182C0E2BD66681005A46D8;
			remoteInfo = ReminderApp;
		};
/* End PBXContainerItemProxy section */

/* Begin PBXFileReference section */
		56182C0F2BD66681005A46D8 /* ReminderApp.app */ = {isa = PBXFileReference; explicitFileType = wrapper.application; includeInIndex = 0; path = ReminderApp.app; sourceTree = BUILT_PRODUCTS_DIR; };
		56182C122BD66681005A46D8 /* AppDelegate.swift */ = {isa = PBXFileReference; lastKnownFileType = sourcecode.swift; path = AppDelegate.swift; sourceTree = "<group>"; };
		56182C142BD66681005A46D8 /* SceneDelegate.swift */ = {isa = PBXFileReference; lastKnownFileType = sourcecode.swift; path = SceneDelegate.swift; sourceTree = "<group>"; };
		56182C162BD66681005A46D8 /* ViewController.swift */ = {isa = PBXFileReference; lastKnownFileType = sourcecode.swift; path = ViewController.swift; sourceTree = "<group>"; };
		56182C192BD66681005A46D8 /* Base */ = {isa = PBXFileReference; lastKnownFileType = file.storyboard; name = Base; path = Base.lproj/Main.storyboard; sourceTree = "<group>"; };
		56182C1C2BD66681005A46D8 /* ReminderApp.xcdatamodel */ = {isa = PBXFileReference; lastKnownFileType = wrapper.xcdatamodel; path = ReminderApp.xcdatamodel; sourceTree = "<group>"; };
		56182C1E2BD66689005A46D8 /* Assets.xcassets */ = {isa = PBXFileReference; lastKnownFileType = folder.assetcatalog; path = Assets.xcassets; sourceTree = "<group>"; };
		56182C212BD66689005A46D8 /* Base */ = {isa = PBXFileReference; lastKnownFileType = file.storyboard; name = Base; path = Base.lproj/LaunchScreen.storyboard; sourceTree = "<group>"; };
		56182C232BD66689005A46D8 /* Info.plist */ = {isa = PBXFileReference; lastKnownFileType = text.plist.xml; path = Info.plist; sourceTree = "<group>"; };
		56182C282BD66689005A46D8 /* ReminderAppTests.xctest */ = {isa = PBXFileReference; explicitFileType = wrapper.cfbundle; includeInIndex = 0; path = ReminderAppTests.xctest; sourceTree = BUILT_PRODUCTS_DIR; };
		56182C2C2BD66689005A46D8 /* ReminderAppTests.swift */ = {isa = PBXFileReference; lastKnownFileType = sourcecode.swift; path = ReminderAppTests.swift; sourceTree = "<group>"; };
		56182C322BD6668A005A46D8 /* ReminderAppUITests.xctest */ = {isa = PBXFileReference; explicitFileType = wrapper.cfbundle; includeInIndex = 0; path = ReminderAppUITests.xctest; sourceTree = BUILT_PRODUCTS_DIR; };
		56182C362BD6668A005A46D8 /* ReminderAppUITests.swift */ = {isa = PBXFileReference; lastKnownFileType = sourcecode.swift; path = ReminderAppUITests.swift; sourceTree = "<group>"; };
		56182C382BD6668A005A46D8 /* ReminderAppUITestsLaunchTests.swift */ = {isa = PBXFileReference; lastKnownFileType = sourcecode.swift; path = ReminderAppUITestsLaunchTests.swift; sourceTree = "<group>"; };
/* End PBXFileReference section */

/* Begin PBXFrameworksBuildPhase section */
		56182C0C2BD66681005A46D8 /* Frameworks */ = {
			isa = PBXFrameworksBuildPhase;
			buildActionMask = 2147483647;
			files = (
			);
			runOnlyForDeploymentPostprocessing = 0;
		};
		56182C252BD66689005A46D8 /* Frameworks */ = {
			isa = PBXFrameworksBuildPhase;
			buildActionMask = 2147483647;
			files = (
			);
			runOnlyForDeploymentPostprocessing = 0;
		};
		56182C2F2BD6668A005A46D8 /* Frameworks */ = {
			isa = PBXFrameworksBuildPhase;
			buildActionMask = 2147483647;
			files = (
			);
			runOnlyForDeploymentPostprocessing = 0;
		};
/* End PBXFrameworksBuildPhase section */

/* Begin PBXGroup section */
		56182C062BD66681005A46D8 = {
			isa = PBXGroup;
			children = (
				56182C112BD66681005A46D8 /* ReminderApp */,
				56182C2B2BD66689005A46D8 /* ReminderAppTests */,
				56182C352BD6668A005A46D8 /* ReminderAppUITests */,
				56182C102BD66681005A46D8 /* Products */,
			);
			sourceTree = "<group>";
		};
		56182C102BD66681005A46D8 /* Products */ = {
			isa = PBXGroup;
			children = (
				56182C0F2BD66681005A46D8 /* ReminderApp.app */,
				56182C282BD66689005A46D8 /* ReminderAppTests.xctest */,
				56182C322BD6668A005A46D8 /* ReminderAppUITests.xctest */,
			);
			name = Products;
			sourceTree = "<group>";
		};
		56182C112BD66681005A46D8 /* ReminderApp */ = {
			isa = PBXGroup;
			children = (
				56182C122BD66681005A46D8 /* AppDelegate.swift */,
				56182C142BD66681005A46D8 /* SceneDelegate.swift */,
				56182C162BD66681005A46D8 /* ViewController.swift */,
				56182C182BD66681005A46D8 /* Main.storyboard */,
				56182C1E2BD66689005A46D8 /* Assets.xcassets */,
				56182C202BD66689005A46D8 /* LaunchScreen.storyboard */,
				56182C232BD66689005A46D8 /* Info.plist */,
				56182C1B2BD66681005A46D8 /* ReminderApp.xcdatamodeld */,
			);
			path = ReminderApp;
			sourceTree = "<group>";
		};
		56182C2B2BD66689005A46D8 /* ReminderAppTests */ = {
			isa = PBXGroup;
			children = (
				56182C2C2BD66689005A46D8 /* ReminderAppTests.swift */,
			);
			path = ReminderAppTests;
			sourceTree = "<group>";
		};
		56182C352BD6668A005A46D8 /* ReminderAppUITests */ = {
			isa = PBXGroup;
			children = (
				56182C362BD6668A005A46D8 /* ReminderAppUITests.swift */,
				56182C382BD6668A005A46D8 /* ReminderAppUITestsLaunchTests.swift */,
			);
			path = ReminderAppUITests;
			sourceTree = "<group>";
		};
/* End PBXGroup section */

/* Begin PBXNativeTarget section */
		56182C0E2BD66681005A46D8 /* ReminderApp */ = {
			isa = PBXNativeTarget;
			buildConfigurationList = 56182C3C2BD6668A005A46D8 /* Build configuration list for PBXNativeTarget "ReminderApp" */;
			buildPhases = (
				56182C0B2BD66681005A46D8 /* Sources */,
				56182C0C2BD66681005A46D8 /* Frameworks */,
				56182C0D2BD66681005A46D8 /* Resources */,
			);
			buildRules = (
			);
			dependencies = (
			);
			name = ReminderApp;
			productName = ReminderApp;
			productReference = 56182C0F2BD66681005A46D8 /* ReminderApp.app */;
			productType = "com.apple.product-type.application";
		};
		56182C272BD66689005A46D8 /* ReminderAppTests */ = {
			isa = PBXNativeTarget;
			buildConfigurationList = 56182C3F2BD6668A005A46D8 /* Build configuration list for PBXNativeTarget "ReminderAppTests" */;
			buildPhases = (
				56182C242BD66689005A46D8 /* Sources */,
				56182C252BD66689005A46D8 /* Frameworks */,
				56182C262BD66689005A46D8 /* Resources */,
			);
			buildRules = (
			);
			dependencies = (
				56182C2A2BD66689005A46D8 /* PBXTargetDependency */,
			);
			name = ReminderAppTests;
			productName = ReminderAppTests;
			productReference = 56182C282BD66689005A46D8 /* ReminderAppTests.xctest */;
			productType = "com.apple.product-type.bundle.unit-test";
		};
		56182C312BD6668A005A46D8 /* ReminderAppUITests */ = {
			isa = PBXNativeTarget;
			buildConfigurationList = 56182C422BD6668A005A46D8 /* Build configuration list for PBXNativeTarget "ReminderAppUITests" */;
			buildPhases = (
				56182C2E2BD6668A005A46D8 /* Sources */,
				56182C2F2BD6668A005A46D8 /* Frameworks */,
				56182C302BD6668A005A46D8 /* Resources */,
			);
			buildRules = (
			);
			dependencies = (
				56182C342BD6668A005A46D8 /* PBXTargetDependency */,
			);
			name = ReminderAppUITests;
			productName = ReminderAppUITests;
			productReference = 56182C322BD6668A005A46D8 /* ReminderAppUITests.xctest */;
			productType = "com.apple.product-type.bundle.ui-testing";
		};
/* End PBXNativeTarget section */

/* Begin PBXProject section */
		56182C072BD66681005A46D8 /* Project object */ = {
			isa = PBXProject;
			attributes = {
				BuildIndependentTargetsInParallel = 1;
				LastSwiftUpdateCheck = 1420;
				LastUpgradeCheck = 1420;
				TargetAttributes = {
					56182C0E2BD66681005A46D8 = {
						CreatedOnToolsVersion = 14.2;
					};
					56182C272BD66689005A46D8 = {
						CreatedOnToolsVersion = 14.2;
						TestTargetID = 56182C0E2BD66681005A46D8;
					};
					56182C312BD6668A005A46D8 = {
						CreatedOnToolsVersion = 14.2;
						TestTargetID = 56182C0E2BD66681005A46D8;
					};
				};
			};
			buildConfigurationList = 56182C0A2BD66681005A46D8 /* Build configuration list for PBXProject "ReminderApp" */;
			compatibilityVersion = "Xcode 14.0";
			developmentRegion = en;
			hasScannedForEncodings = 0;
			knownRegions = (
				en,
				Base,
			);
			mainGroup = 56182C062BD66681005A46D8;
			productRefGroup = 56182C102BD66681005A46D8 /* Products */;
			projectDirPath = "";
			projectRoot = "";
			targets = (
				56182C0E2BD66681005A46D8 /* ReminderApp */,
				56182C272BD66689005A46D8 /* ReminderAppTests */,
				56182C312BD6668A005A46D8 /* ReminderAppUITests */,
			);
		};
/* End PBXProject section */

/* Begin PBXResourcesBuildPhase section */
		56182C0D2BD66681005A46D8 /* Resources */ = {
			isa = PBXResourcesBuildPhase;
			buildActionMask = 2147483647;
			files = (
				56182C222BD66689005A46D8 /* LaunchScreen.storyboard in Resources */,
				56182C1F2BD66689005A46D8 /* Assets.xcassets in Resources */,
				56182C1A2BD66681005A46D8 /* Main.storyboard in Resources */,
			);
			runOnlyForDeploymentPostprocessing = 0;
		};
		56182C262BD66689005A46D8 /* Resources */ = {
			isa = PBXResourcesBuildPhase;
			buildActionMask = 2147483647;
			files = (
			);
			runOnlyForDeploymentPostprocessing = 0;
		};
		56182C302BD6668A005A46D8 /* Resources */ = {
			isa = PBXResourcesBuildPhase;
			buildActionMask = 2147483647;
			files = (
			);
			runOnlyForDeploymentPostprocessing = 0;
		};
/* End PBXResourcesBuildPhase section */

/* Begin PBXSourcesBuildPhase section */
		56182C0B2BD66681005A46D8 /* Sources */ = {
			isa = PBXSourcesBuildPhase;
			buildActionMask = 2147483647;
			files = (
				56182C172BD66681005A46D8 /* ViewController.swift in Sources */,
				56182C132BD66681005A46D8 /* AppDelegate.swift in Sources */,
				56182C152BD66681005A46D8 /* SceneDelegate.swift in Sources */,
				56182C1D2BD66681005A46D8 /* ReminderApp.xcdatamodeld in Sources */,
			);
			runOnlyForDeploymentPostprocessing = 0;
		};
		56182C242BD66689005A46D8 /* Sources */ = {
			isa = PBXSourcesBuildPhase;
			buildActionMask = 2147483647;
			files = (
				56182C2D2BD66689005A46D8 /* ReminderAppTests.swift in Sources */,
			);
			runOnlyForDeploymentPostprocessing = 0;
		};
		56182C2E2BD6668A005A46D8 /* Sources */ = {
			isa = PBXSourcesBuildPhase;
			buildActionMask = 2147483647;
			files = (
				56182C392BD6668A005A46D8 /* ReminderAppUITestsLaunchTests.swift in Sources */,
				56182C372BD6668A005A46D8 /* ReminderAppUITests.swift in Sources */,
			);
			runOnlyForDeploymentPostprocessing = 0;
		};
/* End PBXSourcesBuildPhase section */

/* Begin PBXTargetDependency section */
		56182C2A2BD66689005A46D8 /* PBXTargetDependency */ = {
			isa = PBXTargetDependency;
			target = 56182C0E2BD66681005A46D8 /* ReminderApp */;
			targetProxy = 56182C292BD66689005A46D8 /* PBXContainerItemProxy */;
		};
		56182C342BD6668A005A46D8 /* PBXTargetDependency */ = {
			isa = PBXTargetDependency;
			target = 56182C0E2BD66681005A46D8 /* ReminderApp */;
			targetProxy = 56182C332BD6668A005A46D8 /* PBXContainerItemProxy */;
		};
/* End PBXTargetDependency section */

/* Begin PBXVariantGroup section */
		56182C182BD66681005A46D8 /* Main.storyboard */ = {
			isa = PBXVariantGroup;
			children = (
				56182C192BD66681005A46D8 /* Base */,
			);
			name = Main.storyboard;
			sourceTree = "<group>";
		};
		56182C202BD66689005A46D8 /* LaunchScreen.storyboard */ = {
			isa = PBXVariantGroup;
			children = (
				56182C212BD66689005A46D8 /* Base */,
			);
			name = LaunchScreen.storyboard;
			sourceTree = "<group>";
		};
/* End PBXVariantGroup section */

/* Begin XCBuildConfiguration section */
		56182C3A2BD6668A005A46D8 /* Debug */ = {
			isa = XCBuildConfiguration;
			buildSettings = {
				ALWAYS_SEARCH_USER_PATHS = NO;
				CLANG_ANALYZER_NONNULL = YES;
				CLANG_ANALYZER_NUMBER_OBJECT_CONVERSION = YES_AGGRESSIVE;
				CLANG_CXX_LANGUAGE_STANDARD = "gnu++20";
				CLANG_ENABLE_MODULES = YES;
				CLANG_ENABLE_OBJC_ARC = YES;
				CLANG_ENABLE_OBJC_WEAK = YES;
				CLANG_WARN_BLOCK_CAPTURE_AUTORELEASING = YES;
				CLANG_WARN_BOOL_CONVERSION = YES;
				CLANG_WARN_COMMA = YES;
				CLANG_WARN_CONSTANT_CONVERSION = YES;
				CLANG_WARN_DEPRECATED_OBJC_IMPLEMENTATIONS = YES;
				CLANG_WARN_DIRECT_OBJC_ISA_USAGE = YES_ERROR;
				CLANG_WARN_DOCUMENTATION_COMMENTS = YES;
				CLANG_WARN_EMPTY_BODY = YES;
				CLANG_WARN_ENUM_CONVERSION = YES;
				CLANG_WARN_INFINITE_RECURSION = YES;
				CLANG_WARN_INT_CONVERSION = YES;
				CLANG_WARN_NON_LITERAL_NULL_CONVERSION = YES;
				CLANG_WARN_OBJC_IMPLICIT_RETAIN_SELF = YES;
				CLANG_WARN_OBJC_LITERAL_CONVERSION = YES;
				CLANG_WARN_OBJC_ROOT_CLASS = YES_ERROR;
				CLANG_WARN_QUOTED_INCLUDE_IN_FRAMEWORK_HEADER = YES;
				CLANG_WARN_RANGE_LOOP_ANALYSIS = YES;
				CLANG_WARN_STRICT_PROTOTYPES = YES;
				CLANG_WARN_SUSPICIOUS_MOVE = YES;
				CLANG_WARN_UNGUARDED_AVAILABILITY = YES_AGGRESSIVE;
				CLANG_WARN_UNREACHABLE_CODE = YES;
				CLANG_WARN__DUPLICATE_METHOD_MATCH = YES;
				COPY_PHASE_STRIP = NO;
				DEBUG_INFORMATION_FORMAT = dwarf;
				ENABLE_STRICT_OBJC_MSGSEND = YES;
				ENABLE_TESTABILITY = YES;
				GCC_C_LANGUAGE_STANDARD = gnu11;
				GCC_DYNAMIC_NO_PIC = NO;
				GCC_NO_COMMON_BLOCKS = YES;
				GCC_OPTIMIZATION_LEVEL = 0;
				GCC_PREPROCESSOR_DEFINITIONS = (
					"DEBUG=1",
					"$(inherited)",
				);
				GCC_WARN_64_TO_32_BIT_CONVERSION = YES;
				GCC_WARN_ABOUT_RETURN_TYPE = YES_ERROR;
				GCC_WARN_UNDECLARED_SELECTOR = YES;
				GCC_WARN_UNINITIALIZED_AUTOS = YES_AGGRESSIVE;
				GCC_WARN_UNUSED_FUNCTION = YES;
				GCC_WARN_UNUSED_VARIABLE = YES;
				IPHONEOS_DEPLOYMENT_TARGET = 16.2;
				MTL_ENABLE_DEBUG_INFO = INCLUDE_SOURCE;
				MTL_FAST_MATH = YES;
				ONLY_ACTIVE_ARCH = YES;
				SDKROOT = iphoneos;
				SWIFT_ACTIVE_COMPILATION_CONDITIONS = DEBUG;
				SWIFT_OPTIMIZATION_LEVEL = "-Onone";
			};
			name = Debug;
		};
		56182C3B2BD6668A005A46D8 /* Release */ = {
			isa = XCBuildConfiguration;
			buildSettings = {
				ALWAYS_SEARCH_USER_PATHS = NO;
				CLANG_ANALYZER_NONNULL = YES;
				CLANG_ANALYZER_NUMBER_OBJECT_CONVERSION = YES_AGGRESSIVE;
				CLANG_CXX_LANGUAGE_STANDARD = "gnu++20";
				CLANG_ENABLE_MODULES = YES;
				CLANG_ENABLE_OBJC_ARC = YES;
				CLANG_ENABLE_OBJC_WEAK = YES;
				CLANG_WARN_BLOCK_CAPTURE_AUTORELEASING = YES;
				CLANG_WARN_BOOL_CONVERSION = YES;
				CLANG_WARN_COMMA = YES;
				CLANG_WARN_CONSTANT_CONVERSION = YES;
				CLANG_WARN_DEPRECATED_OBJC_IMPLEMENTATIONS = YES;
				CLANG_WARN_DIRECT_OBJC_ISA_USAGE = YES_ERROR;
				CLANG_WARN_DOCUMENTATION_COMMENTS = YES;
				CLANG_WARN_EMPTY_BODY = YES;
				CLANG_WARN_ENUM_CONVERSION = YES;
				CLANG_WARN_INFINITE_RECURSION = YES;
				CLANG_WARN_INT_CONVERSION = YES;
				CLANG_WARN_NON_LITERAL_NULL_CONVERSION = YES;
				CLANG_WARN_OBJC_IMPLICIT_RETAIN_SELF = YES;
				CLANG_WARN_OBJC_LITERAL_CONVERSION = YES;
				CLANG_WARN_OBJC_ROOT_CLASS = YES_ERROR;
				CLANG_WARN_QUOTED_INCLUDE_IN_FRAMEWORK_HEADER = YES;
				CLANG_WARN_RANGE_LOOP_ANALYSIS = YES;
				CLANG_WARN_STRICT_PROTOTYPES = YES;
				CLANG_WARN_SUSPICIOUS_MOVE = YES;
				CLANG_WARN_UNGUARDED_AVAILABILITY = YES_AGGRESSIVE;
				CLANG_WARN_UNREACHABLE_CODE = YES;
				CLANG_WARN__DUPLICATE_METHOD_MATCH = YES;
				COPY_PHASE_STRIP = NO;
				DEBUG_INFORMATION_FORMAT = "dwarf-with-dsym";
				ENABLE_NS_ASSERTIONS = NO;
				ENABLE_STRICT_OBJC_MSGSEND = YES;
				GCC_C_LANGUAGE_STANDARD = gnu11;
				GCC_NO_COMMON_BLOCKS = YES;
				GCC_WARN_64_TO_32_BIT_CONVERSION = YES;
				GCC_WARN_ABOUT_RETURN_TYPE = YES_ERROR;
				GCC_WARN_UNDECLARED_SELECTOR = YES;
				GCC_WARN_UNINITIALIZED_AUTOS = YES_AGGRESSIVE;
				GCC_WARN_UNUSED_FUNCTION = YES;
				GCC_WARN_UNUSED_VARIABLE = YES;
				IPHONEOS_DEPLOYMENT_TARGET = 16.2;
				MTL_ENABLE_DEBUG_INFO = NO;
				MTL_FAST_MATH = YES;
				SDKROOT = iphoneos;
				SWIFT_COMPILATION_MODE = wholemodule;
				SWIFT_OPTIMIZATION_LEVEL = "-O";
				VALIDATE_PRODUCT = YES;
			};
			name = Release;
		};
		56182C3D2BD6668A005A46D8 /* Debug */ = {
			isa = XCBuildConfiguration;
			buildSettings = {
				ASSETCATALOG_COMPILER_APPICON_NAME = AppIcon;
				ASSETCATALOG_COMPILER_GLOBAL_ACCENT_COLOR_NAME = AccentColor;
				CODE_SIGN_STYLE = Automatic;
				CURRENT_PROJECT_VERSION = 1;
				GENERATE_INFOPLIST_FILE = YES;
				INFOPLIST_FILE = ReminderApp/Info.plist;
				INFOPLIST_KEY_UIApplicationSupportsIndirectInputEvents = YES;
				INFOPLIST_KEY_UILaunchStoryboardName = LaunchScreen;
				INFOPLIST_KEY_UIMainStoryboardFile = Main;
				INFOPLIST_KEY_UISupportedInterfaceOrientations_iPad = "UIInterfaceOrientationPortrait UIInterfaceOrientationPortraitUpsideDown UIInterfaceOrientationLandscapeLeft UIInterfaceOrientationLandscapeRight";
				INFOPLIST_KEY_UISupportedInterfaceOrientations_iPhone = "UIInterfaceOrientationPortrait UIInterfaceOrientationLandscapeLeft UIInterfaceOrientationLandscapeRight";
				LD_RUNPATH_SEARCH_PATHS = (
					"$(inherited)",
					"@executable_path/Frameworks",
				);
				MARKETING_VERSION = 1.0;
				PRODUCT_BUNDLE_IDENTIFIER = iti.ReminderApp;
				PRODUCT_NAME = "$(TARGET_NAME)";
				SWIFT_EMIT_LOC_STRINGS = YES;
				SWIFT_VERSION = 5.0;
				TARGETED_DEVICE_FAMILY = "1,2";
			};
			name = Debug;
		};
		56182C3E2BD6668A005A46D8 /* Release */ = {
			isa = XCBuildConfiguration;
			buildSettings = {
				ASSETCATALOG_COMPILER_APPICON_NAME = AppIcon;
				ASSETCATALOG_COMPILER_GLOBAL_ACCENT_COLOR_NAME = AccentColor;
				CODE_SIGN_STYLE = Automatic;
				CURRENT_PROJECT_VERSION = 1;
				GENERATE_INFOPLIST_FILE = YES;
				INFOPLIST_FILE = ReminderApp/Info.plist;
				INFOPLIST_KEY_UIApplicationSupportsIndirectInputEvents = YES;
				INFOPLIST_KEY_UILaunchStoryboardName = LaunchScreen;
				INFOPLIST_KEY_UIMainStoryboardFile = Main;
				INFOPLIST_KEY_UISupportedInterfaceOrientations_iPad = "UIInterfaceOrientationPortrait UIInterfaceOrientationPortraitUpsideDown UIInterfaceOrientationLandscapeLeft UIInterfaceOrientationLandscapeRight";
				INFOPLIST_KEY_UISupportedInterfaceOrientations_iPhone = "UIInterfaceOrientationPortrait UIInterfaceOrientationLandscapeLeft UIInterfaceOrientationLandscapeRight";
				LD_RUNPATH_SEARCH_PATHS = (
					"$(inherited)",
					"@executable_path/Frameworks",
				);
				MARKETING_VERSION = 1.0;
				PRODUCT_BUNDLE_IDENTIFIER = iti.ReminderApp;
				PRODUCT_NAME = "$(TARGET_NAME)";
				SWIFT_EMIT_LOC_STRINGS = YES;
				SWIFT_VERSION = 5.0;
				TARGETED_DEVICE_FAMILY = "1,2";
			};
			name = Release;
		};
		56182C402BD6668A005A46D8 /* Debug */ = {
			isa = XCBuildConfiguration;
			buildSettings = {
				ALWAYS_EMBED_SWIFT_STANDARD_LIBRARIES = YES;
				BUNDLE_LOADER = "$(TEST_HOST)";
				CODE_SIGN_STYLE = Automatic;
				CURRENT_PROJECT_VERSION = 1;
				GENERATE_INFOPLIST_FILE = YES;
				IPHONEOS_DEPLOYMENT_TARGET = 16.2;
				MARKETING_VERSION = 1.0;
				PRODUCT_BUNDLE_IDENTIFIER = iti.ReminderAppTests;
				PRODUCT_NAME = "$(TARGET_NAME)";
				SWIFT_EMIT_LOC_STRINGS = NO;
				SWIFT_VERSION = 5.0;
				TARGETED_DEVICE_FAMILY = "1,2";
				TEST_HOST = "$(BUILT_PRODUCTS_DIR)/ReminderApp.app/$(BUNDLE_EXECUTABLE_FOLDER_PATH)/ReminderApp";
			};
			name = Debug;
		};
		56182C412BD6668A005A46D8 /* Release */ = {
			isa = XCBuildConfiguration;
			buildSettings = {
				ALWAYS_EMBED_SWIFT_STANDARD_LIBRARIES = YES;
				BUNDLE_LOADER = "$(TEST_HOST)";
				CODE_SIGN_STYLE = Automatic;
				CURRENT_PROJECT_VERSION = 1;
				GENERATE_INFOPLIST_FILE = YES;
				IPHONEOS_DEPLOYMENT_TARGET = 16.2;
				MARKETING_VERSION = 1.0;
				PRODUCT_BUNDLE_IDENTIFIER = iti.ReminderAppTests;
				PRODUCT_NAME = "$(TARGET_NAME)";
				SWIFT_EMIT_LOC_STRINGS = NO;
				SWIFT_VERSION = 5.0;
				TARGETED_DEVICE_FAMILY = "1,2";
				TEST_HOST = "$(BUILT_PRODUCTS_DIR)/ReminderApp.app/$(BUNDLE_EXECUTABLE_FOLDER_PATH)/ReminderApp";
			};
			name = Release;
		};
		56182C432BD6668A005A46D8 /* Debug */ = {
			isa = XCBuildConfiguration;
			buildSettings = {
				ALWAYS_EMBED_SWIFT_STANDARD_LIBRARIES = YES;
				CODE_SIGN_STYLE = Automatic;
				CURRENT_PROJECT_VERSION = 1;
				GENERATE_INFOPLIST_FILE = YES;
				MARKETING_VERSION = 1.0;
				PRODUCT_BUNDLE_IDENTIFIER = iti.ReminderAppUITests;
				PRODUCT_NAME = "$(TARGET_NAME)";
				SWIFT_EMIT_LOC_STRINGS = NO;
				SWIFT_VERSION = 5.0;
				TARGETED_DEVICE_FAMILY = "1,2";
				TEST_TARGET_NAME = ReminderApp;
			};
			name = Debug;
		};
		56182C442BD6668A005A46D8 /* Release */ = {
			isa = XCBuildConfiguration;
			buildSettings = {
				ALWAYS_EMBED_SWIFT_STANDARD_LIBRARIES = YES;
				CODE_SIGN_STYLE = Automatic;
				CURRENT_PROJECT_VERSION = 1;
				GENERATE_INFOPLIST_FILE = YES;
				MARKETING_VERSION = 1.0;
				PRODUCT_BUNDLE_IDENTIFIER = iti.ReminderAppUITests;
				PRODUCT_NAME = "$(TARGET_NAME)";
				SWIFT_EMIT_LOC_STRINGS = NO;
				SWIFT_VERSION = 5.0;
				TARGETED_DEVICE_FAMILY = "1,2";
				TEST_TARGET_NAME = ReminderApp;
			};
			name = Release;
		};
/* End XCBuildConfiguration section */

/* Begin XCConfigurationList section */
		56182C0A2BD66681005A46D8 /* Build configuration list for PBXProject "ReminderApp" */ = {
			isa = XCConfigurationList;
			buildConfigurations = (
				56182C3A2BD6668A005A46D8 /* Debug */,
				56182C3B2BD6668A005A46D8 /* Release */,
			);
			defaultConfigurationIsVisible = 0;
			defaultConfigurationName = Release;
		};
		56182C3C2BD6668A005A46D8 /* Build configuration list for PBXNativeTarget "ReminderApp" */ = {
			isa = XCConfigurationList;
			buildConfigurations = (
				56182C3D2BD6668A005A46D8 /* Debug */,
				56182C3E2BD6668A005A46D8 /* Release */,
			);
			defaultConfigurationIsVisible = 0;
			defaultConfigurationName = Release;
		};
		56182C3F2BD6668A005A46D8 /* Build configuration list for PBXNativeTarget "ReminderAppTests" */ = {
			isa = XCConfigurationList;
			buildConfigurations = (
				56182C402BD6668A005A46D8 /* Debug */,
				56182C412BD6668A005A46D8 /* Release */,
			);
			defaultConfigurationIsVisible = 0;
			defaultConfigurationName = Release;
		};
		56182C422BD6668A005A46D8 /* Build configuration list for PBXNativeTarget "ReminderAppUITests" */ = {
			isa = XCConfigurationList;
			buildConfigurations = (
				56182C432BD6668A005A46D8 /* Debug */,
				56182C442BD6668A005A46D8 /* Release */,
			);
			defaultConfigurationIsVisible = 0;
			defaultConfigurationName = Release;
		};
/* End XCConfigurationList section */

/* Begin XCVersionGroup section */
		56182C1B2BD66681005A46D8 /* ReminderApp.xcdatamodeld */ = {
			isa = XCVersionGroup;
			children = (
				56182C1C2BD66681005A46D8 /* ReminderApp.xcdatamodel */,
			);
			currentVersion = 56182C1C2BD66681005A46D8 /* ReminderApp.xcdatamodel */;
			path = ReminderApp.xcdatamodeld;
			sourceTree = "<group>";
			versionGroupType = wrapper.xcdatamodel;
		};
/* End XCVersionGroup section */
	};
	rootObject = 56182C072BD66681005A46D8 /* Project object */;
}
